{
  "nodes": {
    "nixpkgs": {
      "locked": {
        "lastModified": 1654019511,
        "narHash": "sha256-s3fcwUxa2rV2ZmSbdOtisNmXqeqnF9IFrvhPQL5GCBU=",
        "owner": "NixOS",
        "repo": "nixpkgs",
        "rev": "692517bf851f2d8d999f0ad50f53fa1d2dd5c8f9",
        "type": "github"
      },
      "original": {
        "id": "nixpkgs",
        "ref": "nixos-unstable",
        "type": "indirect"
      }
    },
    "root": {
      "inputs": {
        "nixpkgs": "nixpkgs"
      }
    }
  },
  "root": "root",
  "version": 7
}
